
Microsoft Visual Studio Solution File, Format Version 12.00
# Visual Studio 15
VisualStudioVersion = 15.0.27130.2027
MinimumVisualStudioVersion = 10.0.40219.1
Project("{FAE04EC0-301F-11D3-BF4B-00C04F79EFBC}") = "ProgramaBase", "ProgramaBase\ProgramaBase.csproj", "{EE16B659-BFE8-4AB9-B2A2-458E76A4378E}"
EndProject
Global
	GlobalSection(SolutionConfigurationPlatforms) = preSolution
		Debug|Any CPU = Debug|Any CPU
		Release|Any CPU = Release|Any CPU
	EndGlobalSection
	GlobalSection(ProjectConfigurationPlatforms) = postSolution
		{EE16B659-BFE8-4AB9-B2A2-458E76A4378E}.Debug|Any CPU.ActiveCfg = Debug|Any CPU
		{EE16B659-BFE8-4AB9-B2A2-458E76A4378E}.Debug|Any CPU.Build.0 = Debug|Any CPU
		{EE16B659-BFE8-4AB9-B2A2-458E76A4378E}.Release|Any CPU.ActiveCfg = Release|Any CPU
		{EE16B659-BFE8-4AB9-B2A2-458E76A4378E}.Release|Any CPU.Build.0 = Release|Any CPU
	EndGlobalSection
	GlobalSection(SolutionProperties) = preSolution
		HideSolutionNode = FALSE
	EndGlobalSection
	GlobalSection(ExtensibilityGlobals) = postSolution
		SolutionGuid = {006B6F2C-46E9-4DCF-ABC7-CA731E3F37C0}
	EndGlobalSection
EndGlobal
